// !$*UTF8*$!
{
	archiveVersion = 1;
	classes = {
	};
	objectVersion = 46;
	objects = {

/* Begin PBXBuildFile section */
		253EFC44262252A80063D596 /* OHCubeBasePageController.swift in Sources */ = {isa = PBXBuildFile; fileRef = 253EFC43262252A80063D596 /* OHCubeBasePageController.swift */; };
		253EFC4A26225B040063D596 /* OHCubePagerView.swift in Sources */ = {isa = PBXBuildFile; fileRef = 253EFC4926225B040063D596 /* OHCubePagerView.swift */; };
		2551CA412624226500916F4B /* AppDelegate.swift in Sources */ = {isa = PBXBuildFile; fileRef = 2551CA402624226500916F4B /* AppDelegate.swift */; };
		2551CA432624226500916F4B /* SceneDelegate.swift in Sources */ = {isa = PBXBuildFile; fileRef = 2551CA422624226500916F4B /* SceneDelegate.swift */; };
		2551CA452624226500916F4B /* DelegationWithViewControllerPagingExample.swift in Sources */ = {isa = PBXBuildFile; fileRef = 2551CA442624226500916F4B /* DelegationWithViewControllerPagingExample.swift */; };
		2551CA482624226500916F4B /* Main.storyboard in Resources */ = {isa = PBXBuildFile; fileRef = 2551CA462624226500916F4B /* Main.storyboard */; };
		2551CA4A2624226A00916F4B /* Assets.xcassets in Resources */ = {isa = PBXBuildFile; fileRef = 2551CA492624226A00916F4B /* Assets.xcassets */; };
		2551CA4D2624226A00916F4B /* LaunchScreen.storyboard in Resources */ = {isa = PBXBuildFile; fileRef = 2551CA4B2624226A00916F4B /* LaunchScreen.storyboard */; };
		2551CA7C2624346900916F4B /* ProgrammaticWithViewImplementation.swift in Sources */ = {isa = PBXBuildFile; fileRef = 2551CA7B2624346900916F4B /* ProgrammaticWithViewImplementation.swift */; };
		8E6CB4511D75706900D9E045 /* OHCubeView.h in Headers */ = {isa = PBXBuildFile; fileRef = 8E6CB4501D75706900D9E045 /* OHCubeView.h */; settings = {ATTRIBUTES = (Public, ); }; };
		8E6CB4591D75717100D9E045 /* OHCubeView.swift in Sources */ = {isa = PBXBuildFile; fileRef = 8E6CB4581D75717100D9E045 /* OHCubeView.swift */; };
/* End PBXBuildFile section */

/* Begin PBXFileReference section */
		253EFC43262252A80063D596 /* OHCubeBasePageController.swift */ = {isa = PBXFileReference; lastKnownFileType = sourcecode.swift; path = OHCubeBasePageController.swift; sourceTree = "<group>"; };
		253EFC4926225B040063D596 /* OHCubePagerView.swift */ = {isa = PBXFileReference; lastKnownFileType = sourcecode.swift; path = OHCubePagerView.swift; sourceTree = "<group>"; };
		2551CA3E2624226500916F4B /* Example.app */ = {isa = PBXFileReference; explicitFileType = wrapper.application; includeInIndex = 0; path = Example.app; sourceTree = BUILT_PRODUCTS_DIR; };
		2551CA402624226500916F4B /* AppDelegate.swift */ = {isa = PBXFileReference; lastKnownFileType = sourcecode.swift; path = AppDelegate.swift; sourceTree = "<group>"; };
		2551CA422624226500916F4B /* SceneDelegate.swift */ = {isa = PBXFileReference; lastKnownFileType = sourcecode.swift; path = SceneDelegate.swift; sourceTree = "<group>"; };
		2551CA442624226500916F4B /* DelegationWithViewControllerPagingExample.swift */ = {isa = PBXFileReference; lastKnownFileType = sourcecode.swift; path = DelegationWithViewControllerPagingExample.swift; sourceTree = "<group>"; };
		2551CA472624226500916F4B /* Base */ = {isa = PBXFileReference; lastKnownFileType = file.storyboard; name = Base; path = Base.lproj/Main.storyboard; sourceTree = "<group>"; };
		2551CA492624226A00916F4B /* Assets.xcassets */ = {isa = PBXFileReference; lastKnownFileType = folder.assetcatalog; path = Assets.xcassets; sourceTree = "<group>"; };
		2551CA4C2624226A00916F4B /* Base */ = {isa = PBXFileReference; lastKnownFileType = file.storyboard; name = Base; path = Base.lproj/LaunchScreen.storyboard; sourceTree = "<group>"; };
		2551CA4E2624226A00916F4B /* Info.plist */ = {isa = PBXFileReference; lastKnownFileType = text.plist.xml; path = Info.plist; sourceTree = "<group>"; };
		2551CA7B2624346900916F4B /* ProgrammaticWithViewImplementation.swift */ = {isa = PBXFileReference; lastKnownFileType = sourcecode.swift; path = ProgrammaticWithViewImplementation.swift; sourceTree = "<group>"; };
		8E6CB44D1D75706900D9E045 /* OHCubeView.framework */ = {isa = PBXFileReference; explicitFileType = wrapper.framework; includeInIndex = 0; path = OHCubeView.framework; sourceTree = BUILT_PRODUCTS_DIR; };
		8E6CB4501D75706900D9E045 /* OHCubeView.h */ = {isa = PBXFileReference; lastKnownFileType = sourcecode.c.h; path = OHCubeView.h; sourceTree = "<group>"; };
		8E6CB4521D75706900D9E045 /* Info.plist */ = {isa = PBXFileReference; lastKnownFileType = text.plist.xml; path = Info.plist; sourceTree = "<group>"; };
		8E6CB4581D75717100D9E045 /* OHCubeView.swift */ = {isa = PBXFileReference; fileEncoding = 4; lastKnownFileType = sourcecode.swift; path = OHCubeView.swift; sourceTree = "<group>"; };
/* End PBXFileReference section */

/* Begin PBXFrameworksBuildPhase section */
		2551CA3B2624226500916F4B /* Frameworks */ = {
			isa = PBXFrameworksBuildPhase;
			buildActionMask = 2147483647;
			files = (
			);
			runOnlyForDeploymentPostprocessing = 0;
		};
		8E6CB4491D75706900D9E045 /* Frameworks */ = {
			isa = PBXFrameworksBuildPhase;
			buildActionMask = 2147483647;
			files = (
			);
			runOnlyForDeploymentPostprocessing = 0;
		};
/* End PBXFrameworksBuildPhase section */

/* Begin PBXGroup section */
		253EFC4826225AA80063D596 /* PageController */ = {
			isa = PBXGroup;
			children = (
				253EFC43262252A80063D596 /* OHCubeBasePageController.swift */,
				253EFC4926225B040063D596 /* OHCubePagerView.swift */,
			);
			path = PageController;
			sourceTree = "<group>";
		};
		2551CA3F2624226500916F4B /* Example */ = {
			isa = PBXGroup;
			children = (
				2551CA402624226500916F4B /* AppDelegate.swift */,
				2551CA422624226500916F4B /* SceneDelegate.swift */,
				2551CA442624226500916F4B /* DelegationWithViewControllerPagingExample.swift */,
				2551CA462624226500916F4B /* Main.storyboard */,
				2551CA492624226A00916F4B /* Assets.xcassets */,
				2551CA4B2624226A00916F4B /* LaunchScreen.storyboard */,
				2551CA4E2624226A00916F4B /* Info.plist */,
				2551CA7B2624346900916F4B /* ProgrammaticWithViewImplementation.swift */,
			);
			path = Example;
			sourceTree = "<group>";
		};
		8E6CB4431D75706900D9E045 = {
			isa = PBXGroup;
			children = (
				8E6CB44F1D75706900D9E045 /* OHCubeView */,
				2551CA3F2624226500916F4B /* Example */,
				8E6CB44E1D75706900D9E045 /* Products */,
			);
			sourceTree = "<group>";
		};
		8E6CB44E1D75706900D9E045 /* Products */ = {
			isa = PBXGroup;
			children = (
				8E6CB44D1D75706900D9E045 /* OHCubeView.framework */,
				2551CA3E2624226500916F4B /* Example.app */,
			);
			name = Products;
			sourceTree = "<group>";
		};
		8E6CB44F1D75706900D9E045 /* OHCubeView */ = {
			isa = PBXGroup;
			children = (
				253EFC4826225AA80063D596 /* PageController */,
				8E6CB4581D75717100D9E045 /* OHCubeView.swift */,
				8E6CB4501D75706900D9E045 /* OHCubeView.h */,
				8E6CB4521D75706900D9E045 /* Info.plist */,
			);
			path = OHCubeView;
			sourceTree = "<group>";
		};
/* End PBXGroup section */

/* Begin PBXHeadersBuildPhase section */
		8E6CB44A1D75706900D9E045 /* Headers */ = {
			isa = PBXHeadersBuildPhase;
			buildActionMask = 2147483647;
			files = (
				8E6CB4511D75706900D9E045 /* OHCubeView.h in Headers */,
			);
			runOnlyForDeploymentPostprocessing = 0;
		};
/* End PBXHeadersBuildPhase section */

/* Begin PBXNativeTarget section */
		2551CA3D2624226500916F4B /* Example */ = {
			isa = PBXNativeTarget;
			buildConfigurationList = 2551CA6B2624226B00916F4B /* Build configuration list for PBXNativeTarget "Example" */;
			buildPhases = (
				2551CA3A2624226500916F4B /* Sources */,
				2551CA3B2624226500916F4B /* Frameworks */,
				2551CA3C2624226500916F4B /* Resources */,
			);
			buildRules = (
			);
			dependencies = (
			);
			name = Example;
			productName = Example;
			productReference = 2551CA3E2624226500916F4B /* Example.app */;
			productType = "com.apple.product-type.application";
		};
		8E6CB44C1D75706900D9E045 /* OHCubeView */ = {
			isa = PBXNativeTarget;
			buildConfigurationList = 8E6CB4551D75706900D9E045 /* Build configuration list for PBXNativeTarget "OHCubeView" */;
			buildPhases = (
				8E6CB4481D75706900D9E045 /* Sources */,
				8E6CB4491D75706900D9E045 /* Frameworks */,
				8E6CB44A1D75706900D9E045 /* Headers */,
				8E6CB44B1D75706900D9E045 /* Resources */,
			);
			buildRules = (
			);
			dependencies = (
			);
			name = OHCubeView;
			productName = OHCubeView;
			productReference = 8E6CB44D1D75706900D9E045 /* OHCubeView.framework */;
			productType = "com.apple.product-type.framework";
		};
/* End PBXNativeTarget section */

/* Begin PBXProject section */
		8E6CB4441D75706900D9E045 /* Project object */ = {
			isa = PBXProject;
			attributes = {
				LastSwiftUpdateCheck = 1220;
				LastUpgradeCheck = 1030;
				ORGANIZATIONNAME = "Oyvind Hauge";
				TargetAttributes = {
					2551CA3D2624226500916F4B = {
						CreatedOnToolsVersion = 12.2;
						ProvisioningStyle = Automatic;
					};
					8E6CB44C1D75706900D9E045 = {
						CreatedOnToolsVersion = 7.3.1;
						LastSwiftMigration = 0830;
					};
				};
			};
			buildConfigurationList = 8E6CB4471D75706900D9E045 /* Build configuration list for PBXProject "OHCubeView" */;
			compatibilityVersion = "Xcode 3.2";
			developmentRegion = en;
			hasScannedForEncodings = 0;
			knownRegions = (
				en,
				Base,
			);
			mainGroup = 8E6CB4431D75706900D9E045;
			productRefGroup = 8E6CB44E1D75706900D9E045 /* Products */;
			projectDirPath = "";
			projectRoot = "";
			targets = (
				8E6CB44C1D75706900D9E045 /* OHCubeView */,
				2551CA3D2624226500916F4B /* Example */,
			);
		};
/* End PBXProject section */

/* Begin PBXResourcesBuildPhase section */
		2551CA3C2624226500916F4B /* Resources */ = {
			isa = PBXResourcesBuildPhase;
			buildActionMask = 2147483647;
			files = (
				2551CA4D2624226A00916F4B /* LaunchScreen.storyboard in Resources */,
				2551CA4A2624226A00916F4B /* Assets.xcassets in Resources */,
				2551CA482624226500916F4B /* Main.storyboard in Resources */,
			);
			runOnlyForDeploymentPostprocessing = 0;
		};
		8E6CB44B1D75706900D9E045 /* Resources */ = {
			isa = PBXResourcesBuildPhase;
			buildActionMask = 2147483647;
			files = (
			);
			runOnlyForDeploymentPostprocessing = 0;
		};
/* End PBXResourcesBuildPhase section */

/* Begin PBXSourcesBuildPhase section */
		2551CA3A2624226500916F4B /* Sources */ = {
			isa = PBXSourcesBuildPhase;
			buildActionMask = 2147483647;
			files = (
				2551CA452624226500916F4B /* DelegationWithViewControllerPagingExample.swift in Sources */,
				2551CA412624226500916F4B /* AppDelegate.swift in Sources */,
				2551CA7C2624346900916F4B /* ProgrammaticWithViewImplementation.swift in Sources */,
				2551CA432624226500916F4B /* SceneDelegate.swift in Sources */,
			);
			runOnlyForDeploymentPostprocessing = 0;
		};
		8E6CB4481D75706900D9E045 /* Sources */ = {
			isa = PBXSourcesBuildPhase;
			buildActionMask = 2147483647;
			files = (
				253EFC44262252A80063D596 /* OHCubeBasePageController.swift in Sources */,
				253EFC4A26225B040063D596 /* OHCubePagerView.swift in Sources */,
				8E6CB4591D75717100D9E045 /* OHCubeView.swift in Sources */,
			);
			runOnlyForDeploymentPostprocessing = 0;
		};
/* End PBXSourcesBuildPhase section */

/* Begin PBXVariantGroup section */
		2551CA462624226500916F4B /* Main.storyboard */ = {
			isa = PBXVariantGroup;
			children = (
				2551CA472624226500916F4B /* Base */,
			);
			name = Main.storyboard;
			sourceTree = "<group>";
		};
		2551CA4B2624226A00916F4B /* LaunchScreen.storyboard */ = {
			isa = PBXVariantGroup;
			children = (
				2551CA4C2624226A00916F4B /* Base */,
			);
			name = LaunchScreen.storyboard;
			sourceTree = "<group>";
		};
/* End PBXVariantGroup section */

/* Begin XCBuildConfiguration section */
		2551CA652624226B00916F4B /* Debug */ = {
			isa = XCBuildConfiguration;
			buildSettings = {
				ASSETCATALOG_COMPILER_APPICON_NAME = AppIcon;
				ASSETCATALOG_COMPILER_GLOBAL_ACCENT_COLOR_NAME = AccentColor;
				CLANG_ANALYZER_NUMBER_OBJECT_CONVERSION = YES_AGGRESSIVE;
				CLANG_CXX_LANGUAGE_STANDARD = "gnu++14";
				CLANG_ENABLE_OBJC_WEAK = YES;
				CLANG_WARN_DOCUMENTATION_COMMENTS = YES;
				CLANG_WARN_QUOTED_INCLUDE_IN_FRAMEWORK_HEADER = YES;
				CLANG_WARN_UNGUARDED_AVAILABILITY = YES_AGGRESSIVE;
				CODE_SIGN_STYLE = Automatic;
				GCC_C_LANGUAGE_STANDARD = gnu11;
				INFOPLIST_FILE = Example/Info.plist;
				IPHONEOS_DEPLOYMENT_TARGET = 14.2;
				LD_RUNPATH_SEARCH_PATHS = "$(inherited) @executable_path/Frameworks";
				MTL_ENABLE_DEBUG_INFO = INCLUDE_SOURCE;
				MTL_FAST_MATH = YES;
				PRODUCT_BUNDLE_IDENTIFIER = com.yadigarbz.Example;
				PRODUCT_NAME = "$(TARGET_NAME)";
				SWIFT_ACTIVE_COMPILATION_CONDITIONS = DEBUG;
				SWIFT_VERSION = 5.0;
				TARGETED_DEVICE_FAMILY = "1,2";
			};
			name = Debug;
		};
		2551CA662624226B00916F4B /* Release */ = {
			isa = XCBuildConfiguration;
			buildSettings = {
				ASSETCATALOG_COMPILER_APPICON_NAME = AppIcon;
				ASSETCATALOG_COMPILER_GLOBAL_ACCENT_COLOR_NAME = AccentColor;
				CLANG_ANALYZER_NUMBER_OBJECT_CONVERSION = YES_AGGRESSIVE;
				CLANG_CXX_LANGUAGE_STANDARD = "gnu++14";
				CLANG_ENABLE_OBJC_WEAK = YES;
				CLANG_WARN_DOCUMENTATION_COMMENTS = YES;
				CLANG_WARN_QUOTED_INCLUDE_IN_FRAMEWORK_HEADER = YES;
				CLANG_WARN_UNGUARDED_AVAILABILITY = YES_AGGRESSIVE;
				CODE_SIGN_STYLE = Automatic;
				GCC_C_LANGUAGE_STANDARD = gnu11;
				INFOPLIST_FILE = Example/Info.plist;
				IPHONEOS_DEPLOYMENT_TARGET = 14.2;
				LD_RUNPATH_SEARCH_PATHS = "$(inherited) @executable_path/Frameworks";
				MTL_FAST_MATH = YES;
				PRODUCT_BUNDLE_IDENTIFIER = com.yadigarbz.Example;
				PRODUCT_NAME = "$(TARGET_NAME)";
				SWIFT_VERSION = 5.0;
				TARGETED_DEVICE_FAMILY = "1,2";
			};
			name = Release;
		};
		8E6CB4531D75706900D9E045 /* Debug */ = {
			isa = XCBuildConfiguration;
			buildSettings = {
				ALWAYS_SEARCH_USER_PATHS = NO;
				CLANG_ANALYZER_LOCALIZABILITY_NONLOCALIZED = YES;
				CLANG_ANALYZER_NONNULL = YES;
				CLANG_CXX_LANGUAGE_STANDARD = "gnu++0x";
				CLANG_CXX_LIBRARY = "libc++";
				CLANG_ENABLE_MODULES = YES;
				CLANG_ENABLE_OBJC_ARC = YES;
				CLANG_WARN_BLOCK_CAPTURE_AUTORELEASING = YES;
				CLANG_WARN_BOOL_CONVERSION = YES;
				CLANG_WARN_COMMA = YES;
				CLANG_WARN_CONSTANT_CONVERSION = YES;
				CLANG_WARN_DEPRECATED_OBJC_IMPLEMENTATIONS = YES;
				CLANG_WARN_DIRECT_OBJC_ISA_USAGE = YES_ERROR;
				CLANG_WARN_EMPTY_BODY = YES;
				CLANG_WARN_ENUM_CONVERSION = YES;
				CLANG_WARN_INFINITE_RECURSION = YES;
				CLANG_WARN_INT_CONVERSION = YES;
				CLANG_WARN_NON_LITERAL_NULL_CONVERSION = YES;
				CLANG_WARN_OBJC_IMPLICIT_RETAIN_SELF = YES;
				CLANG_WARN_OBJC_LITERAL_CONVERSION = YES;
				CLANG_WARN_OBJC_ROOT_CLASS = YES_ERROR;
				CLANG_WARN_RANGE_LOOP_ANALYSIS = YES;
				CLANG_WARN_STRICT_PROTOTYPES = YES;
				CLANG_WARN_SUSPICIOUS_MOVE = YES;
				CLANG_WARN_UNREACHABLE_CODE = YES;
				CLANG_WARN__DUPLICATE_METHOD_MATCH = YES;
				"CODE_SIGN_IDENTITY[sdk=iphoneos*]" = "iPhone Developer";
				COPY_PHASE_STRIP = NO;
				CURRENT_PROJECT_VERSION = 1;
				DEBUG_INFORMATION_FORMAT = dwarf;
				ENABLE_STRICT_OBJC_MSGSEND = YES;
				ENABLE_TESTABILITY = YES;
				GCC_C_LANGUAGE_STANDARD = gnu99;
				GCC_DYNAMIC_NO_PIC = NO;
				GCC_NO_COMMON_BLOCKS = YES;
				GCC_OPTIMIZATION_LEVEL = 0;
				GCC_PREPROCESSOR_DEFINITIONS = (
					"DEBUG=1",
					"$(inherited)",
				);
				GCC_WARN_64_TO_32_BIT_CONVERSION = YES;
				GCC_WARN_ABOUT_RETURN_TYPE = YES_ERROR;
				GCC_WARN_UNDECLARED_SELECTOR = YES;
				GCC_WARN_UNINITIALIZED_AUTOS = YES_AGGRESSIVE;
				GCC_WARN_UNUSED_FUNCTION = YES;
				GCC_WARN_UNUSED_VARIABLE = YES;
				IPHONEOS_DEPLOYMENT_TARGET = 9.3;
				MTL_ENABLE_DEBUG_INFO = YES;
				ONLY_ACTIVE_ARCH = YES;
				SDKROOT = iphoneos;
				SWIFT_OPTIMIZATION_LEVEL = "-Onone";
				TARGETED_DEVICE_FAMILY = "1,2";
				VERSIONING_SYSTEM = "apple-generic";
				VERSION_INFO_PREFIX = "";
			};
			name = Debug;
		};
		8E6CB4541D75706900D9E045 /* Release */ = {
			isa = XCBuildConfiguration;
			buildSettings = {
				ALWAYS_SEARCH_USER_PATHS = NO;
				CLANG_ANALYZER_LOCALIZABILITY_NONLOCALIZED = YES;
				CLANG_ANALYZER_NONNULL = YES;
				CLANG_CXX_LANGUAGE_STANDARD = "gnu++0x";
				CLANG_CXX_LIBRARY = "libc++";
				CLANG_ENABLE_MODULES = YES;
				CLANG_ENABLE_OBJC_ARC = YES;
				CLANG_WARN_BLOCK_CAPTURE_AUTORELEASING = YES;
				CLANG_WARN_BOOL_CONVERSION = YES;
				CLANG_WARN_COMMA = YES;
				CLANG_WARN_CONSTANT_CONVERSION = YES;
				CLANG_WARN_DEPRECATED_OBJC_IMPLEMENTATIONS = YES;
				CLANG_WARN_DIRECT_OBJC_ISA_USAGE = YES_ERROR;
				CLANG_WARN_EMPTY_BODY = YES;
				CLANG_WARN_ENUM_CONVERSION = YES;
				CLANG_WARN_INFINITE_RECURSION = YES;
				CLANG_WARN_INT_CONVERSION = YES;
				CLANG_WARN_NON_LITERAL_NULL_CONVERSION = YES;
				CLANG_WARN_OBJC_IMPLICIT_RETAIN_SELF = YES;
				CLANG_WARN_OBJC_LITERAL_CONVERSION = YES;
				CLANG_WARN_OBJC_ROOT_CLASS = YES_ERROR;
				CLANG_WARN_RANGE_LOOP_ANALYSIS = YES;
				CLANG_WARN_STRICT_PROTOTYPES = YES;
				CLANG_WARN_SUSPICIOUS_MOVE = YES;
				CLANG_WARN_UNREACHABLE_CODE = YES;
				CLANG_WARN__DUPLICATE_METHOD_MATCH = YES;
				"CODE_SIGN_IDENTITY[sdk=iphoneos*]" = "iPhone Developer";
				COPY_PHASE_STRIP = NO;
				CURRENT_PROJECT_VERSION = 1;
				DEBUG_INFORMATION_FORMAT = "dwarf-with-dsym";
				ENABLE_NS_ASSERTIONS = NO;
				ENABLE_STRICT_OBJC_MSGSEND = YES;
				GCC_C_LANGUAGE_STANDARD = gnu99;
				GCC_NO_COMMON_BLOCKS = YES;
				GCC_WARN_64_TO_32_BIT_CONVERSION = YES;
				GCC_WARN_ABOUT_RETURN_TYPE = YES_ERROR;
				GCC_WARN_UNDECLARED_SELECTOR = YES;
				GCC_WARN_UNINITIALIZED_AUTOS = YES_AGGRESSIVE;
				GCC_WARN_UNUSED_FUNCTION = YES;
				GCC_WARN_UNUSED_VARIABLE = YES;
				IPHONEOS_DEPLOYMENT_TARGET = 9.3;
				MTL_ENABLE_DEBUG_INFO = NO;
				SDKROOT = iphoneos;
				SWIFT_OPTIMIZATION_LEVEL = "-Owholemodule";
				TARGETED_DEVICE_FAMILY = "1,2";
				VALIDATE_PRODUCT = YES;
				VERSIONING_SYSTEM = "apple-generic";
				VERSION_INFO_PREFIX = "";
			};
			name = Release;
		};
		8E6CB4561D75706900D9E045 /* Debug */ = {
			isa = XCBuildConfiguration;
			buildSettings = {
				CLANG_ENABLE_MODULES = YES;
				"CODE_SIGN_IDENTITY[sdk=iphoneos*]" = "";
				DEFINES_MODULE = YES;
				DYLIB_COMPATIBILITY_VERSION = 1;
				DYLIB_CURRENT_VERSION = 1;
				DYLIB_INSTALL_NAME_BASE = "@rpath";
				INFOPLIST_FILE = OHCubeView/Info.plist;
				INSTALL_PATH = "$(LOCAL_LIBRARY_DIR)/Frameworks";
				LD_RUNPATH_SEARCH_PATHS = "$(inherited) @executable_path/Frameworks @loader_path/Frameworks";
				PRODUCT_BUNDLE_IDENTIFIER = net.ohauge.OHCubeView;
				PRODUCT_NAME = "$(TARGET_NAME)";
				SKIP_INSTALL = YES;
				SWIFT_OPTIMIZATION_LEVEL = "-Onone";
				SWIFT_VERSION = 4.2;
			};
			name = Debug;
		};
		8E6CB4571D75706900D9E045 /* Release */ = {
			isa = XCBuildConfiguration;
			buildSettings = {
				CLANG_ENABLE_MODULES = YES;
				"CODE_SIGN_IDENTITY[sdk=iphoneos*]" = "";
				DEFINES_MODULE = YES;
				DYLIB_COMPATIBILITY_VERSION = 1;
				DYLIB_CURRENT_VERSION = 1;
				DYLIB_INSTALL_NAME_BASE = "@rpath";
				INFOPLIST_FILE = OHCubeView/Info.plist;
				INSTALL_PATH = "$(LOCAL_LIBRARY_DIR)/Frameworks";
				LD_RUNPATH_SEARCH_PATHS = "$(inherited) @executable_path/Frameworks @loader_path/Frameworks";
				PRODUCT_BUNDLE_IDENTIFIER = net.ohauge.OHCubeView;
				PRODUCT_NAME = "$(TARGET_NAME)";
				SKIP_INSTALL = YES;
				SWIFT_VERSION = 4.2;
			};
			name = Release;
		};
/* End XCBuildConfiguration section */

/* Begin XCConfigurationList section */
		2551CA6B2624226B00916F4B /* Build configuration list for PBXNativeTarget "Example" */ = {
			isa = XCConfigurationList;
			buildConfigurations = (
				2551CA652624226B00916F4B /* Debug */,
				2551CA662624226B00916F4B /* Release */,
			);
			defaultConfigurationIsVisible = 0;
			defaultConfigurationName = Release;
		};
		8E6CB4471D75706900D9E045 /* Build configuration list for PBXProject "OHCubeView" */ = {
			isa = XCConfigurationList;
			buildConfigurations = (
				8E6CB4531D75706900D9E045 /* Debug */,
				8E6CB4541D75706900D9E045 /* Release */,
			);
			defaultConfigurationIsVisible = 0;
			defaultConfigurationName = Release;
		};
		8E6CB4551D75706900D9E045 /* Build configuration list for PBXNativeTarget "OHCubeView" */ = {
			isa = XCConfigurationList;
			buildConfigurations = (
				8E6CB4561D75706900D9E045 /* Debug */,
				8E6CB4571D75706900D9E045 /* Release */,
			);
			defaultConfigurationIsVisible = 0;
			defaultConfigurationName = Release;
		};
/* End XCConfigurationList section */
	};
	rootObject = 8E6CB4441D75706900D9E045 /* Project object */;
}
